
Microsoft Visual Studio Solution File, Format Version 12.00
# Visual Studio 14
VisualStudioVersion = 14.0.25420.1
MinimumVisualStudioVersion = 10.0.40219.1
Project("{2150E333-8FDC-42A3-9474-1A3956D46DE8}") = "src", "src", "{C37A6C71-AFB7-41CA-9907-8F04EB3CD33C}"
EndProject
Project("{2150E333-8FDC-42A3-9474-1A3956D46DE8}") = "Solution Items", "Solution Items", "{FE85659E-728B-48DA-A216-D3EEE13F8FF7}"
	ProjectSection(SolutionItems) = preProject
		.gitignore = .gitignore
		global.json = global.json
	EndProjectSection
EndProject
Project("{8BB2217D-0F2D-49D1-97BC-3654ED321F3B}") = "HDInsight", "src\HDInsight\HDInsight.xproj", "{974DE410-7C4A-4A38-8BDA-8D5B9313B5F9}"
EndProject
Project("{8BB2217D-0F2D-49D1-97BC-3654ED321F3B}") = "Augen.AspNetCore.Identity", "src\Augen.AspNetCore.Identity\Augen.AspNetCore.Identity.xproj", "{7C70D26A-58E1-436C-A2A3-17DBE8D342C1}"
EndProject
Global
	GlobalSection(SolutionConfigurationPlatforms) = preSolution
		Debug|Any CPU = Debug|Any CPU
		Release|Any CPU = Release|Any CPU
	EndGlobalSection
	GlobalSection(ProjectConfigurationPlatforms) = postSolution
		{974DE410-7C4A-4A38-8BDA-8D5B9313B5F9}.Debug|Any CPU.ActiveCfg = Debug|Any CPU
		{974DE410-7C4A-4A38-8BDA-8D5B9313B5F9}.Debug|Any CPU.Build.0 = Debug|Any CPU
		{974DE410-7C4A-4A38-8BDA-8D5B9313B5F9}.Release|Any CPU.ActiveCfg = Release|Any CPU
		{974DE410-7C4A-4A38-8BDA-8D5B9313B5F9}.Release|Any CPU.Build.0 = Release|Any CPU
		{7C70D26A-58E1-436C-A2A3-17DBE8D342C1}.Debug|Any CPU.ActiveCfg = Debug|Any CPU
		{7C70D26A-58E1-436C-A2A3-17DBE8D342C1}.Debug|Any CPU.Build.0 = Debug|Any CPU
		{7C70D26A-58E1-436C-A2A3-17DBE8D342C1}.Release|Any CPU.ActiveCfg = Release|Any CPU
		{7C70D26A-58E1-436C-A2A3-17DBE8D342C1}.Release|Any CPU.Build.0 = Release|Any CPU
	EndGlobalSection
	GlobalSection(SolutionProperties) = preSolution
		HideSolutionNode = FALSE
	EndGlobalSection
	GlobalSection(NestedProjects) = preSolution
		{974DE410-7C4A-4A38-8BDA-8D5B9313B5F9} = {C37A6C71-AFB7-41CA-9907-8F04EB3CD33C}
		{7C70D26A-58E1-436C-A2A3-17DBE8D342C1} = {C37A6C71-AFB7-41CA-9907-8F04EB3CD33C}
	EndGlobalSection
EndGlobal
